
Microsoft Visual Studio Solution File, Format Version 12.00
# Visual Studio Version 17
VisualStudioVersion = 17.0.31815.197
MinimumVisualStudioVersion = 10.0.40219.1
Project("{9A19103F-16F7-4668-BE54-9A1E7A4F7556}") = "SharpHook", "SharpHook\SharpHook.csproj", "{848758DB-5A7B-41D5-95B9-AAD9FF1E5352}"
EndProject
Project("{2150E333-8FDC-42A3-9474-1A3956D46DE8}") = "Solution Items", "Solution Items", "{F4D4F489-E4F0-43DE-BF41-ED27C2537E3D}"
	ProjectSection(SolutionItems) = preProject
		.editorconfig = .editorconfig
		.gitattributes = .gitattributes
		.gitignore = .gitignore
		.gitmodules = .gitmodules
		.github\workflows\build.yml = .github\workflows\build.yml
		CHANGELOG.md = CHANGELOG.md
		icon.png = icon.png
		LICENSE = LICENSE
		README.md = README.md
	EndProjectSection
EndProject
Project("{9A19103F-16F7-4668-BE54-9A1E7A4F7556}") = "SharpHook.Sample", "SharpHook.Sample\SharpHook.Sample.csproj", "{FC6E4575-AEBD-480B-A3CD-FDF4252774B6}"
EndProject
Project("{9A19103F-16F7-4668-BE54-9A1E7A4F7556}") = "SharpHook.Reactive", "SharpHook.Reactive\SharpHook.Reactive.csproj", "{0D5ED184-523C-48E7-9054-6BE4F7CA7D68}"
EndProject
Project("{9A19103F-16F7-4668-BE54-9A1E7A4F7556}") = "SharpHook.Tests", "SharpHook.Tests\SharpHook.Tests.csproj", "{52B05F84-4172-4074-91AE-B05F970EFC2D}"
EndProject
Project("{2150E333-8FDC-42A3-9474-1A3956D46DE8}") = "Articles", "Articles", "{6089074E-B30F-43BD-83BD-AFFD60344F7D}"
	ProjectSection(SolutionItems) = preProject
		docs\articles\about.md = docs\articles\about.md
		docs\articles\hooks.md = docs\articles\hooks.md
		docs\articles\keycodes.md = docs\articles\keycodes.md
		docs\articles\logging.md = docs\articles\logging.md
		docs\articles\migration.md = docs\articles\migration.md
		docs\articles\native.md = docs\articles\native.md
		docs\articles\reactive.md = docs\articles\reactive.md
		docs\articles\simulation.md = docs\articles\simulation.md
		docs\articles\testing.md = docs\articles\testing.md
		docs\articles\toc.yml = docs\articles\toc.yml
	EndProjectSection
EndProject
Project("{2150E333-8FDC-42A3-9474-1A3956D46DE8}") = "Docs", "Docs", "{97C59CA2-12AA-4290-8A9F-5AC10C4E2F49}"
	ProjectSection(SolutionItems) = preProject
		docs\docfx.json = docs\docfx.json
		docs\index.md = docs\index.md
		docs\template\public\main.js = docs\template\public\main.js
		docs\toc.yml = docs\toc.yml
	EndProjectSection
EndProject
Global
	GlobalSection(SolutionConfigurationPlatforms) = preSolution
		Debug|Any CPU = Debug|Any CPU
		Debug|ARM32 = Debug|ARM32
		Debug|ARM64 = Debug|ARM64
		Debug|x64 = Debug|x64
		Debug|x86 = Debug|x86
		Release|Any CPU = Release|Any CPU
		Release|ARM32 = Release|ARM32
		Release|ARM64 = Release|ARM64
		Release|x64 = Release|x64
		Release|x86 = Release|x86
	EndGlobalSection
	GlobalSection(ProjectConfigurationPlatforms) = postSolution
		{848758DB-5A7B-41D5-95B9-AAD9FF1E5352}.Debug|Any CPU.ActiveCfg = Debug|Any CPU
		{848758DB-5A7B-41D5-95B9-AAD9FF1E5352}.Debug|Any CPU.Build.0 = Debug|Any CPU
		{848758DB-5A7B-41D5-95B9-AAD9FF1E5352}.Debug|ARM32.ActiveCfg = Debug|ARM32
		{848758DB-5A7B-41D5-95B9-AAD9FF1E5352}.Debug|ARM32.Build.0 = Debug|ARM32
		{848758DB-5A7B-41D5-95B9-AAD9FF1E5352}.Debug|ARM64.ActiveCfg = Debug|ARM64
		{848758DB-5A7B-41D5-95B9-AAD9FF1E5352}.Debug|ARM64.Build.0 = Debug|ARM64
		{848758DB-5A7B-41D5-95B9-AAD9FF1E5352}.Debug|x64.ActiveCfg = Debug|x64
		{848758DB-5A7B-41D5-95B9-AAD9FF1E5352}.Debug|x64.Build.0 = Debug|x64
		{848758DB-5A7B-41D5-95B9-AAD9FF1E5352}.Debug|x86.ActiveCfg = Debug|x86
		{848758DB-5A7B-41D5-95B9-AAD9FF1E5352}.Debug|x86.Build.0 = Debug|x86
		{848758DB-5A7B-41D5-95B9-AAD9FF1E5352}.Release|Any CPU.ActiveCfg = Release|Any CPU
		{848758DB-5A7B-41D5-95B9-AAD9FF1E5352}.Release|Any CPU.Build.0 = Release|Any CPU
		{848758DB-5A7B-41D5-95B9-AAD9FF1E5352}.Release|ARM32.ActiveCfg = Release|ARM32
		{848758DB-5A7B-41D5-95B9-AAD9FF1E5352}.Release|ARM32.Build.0 = Release|ARM32
		{848758DB-5A7B-41D5-95B9-AAD9FF1E5352}.Release|ARM64.ActiveCfg = Release|ARM64
		{848758DB-5A7B-41D5-95B9-AAD9FF1E5352}.Release|ARM64.Build.0 = Release|ARM64
		{848758DB-5A7B-41D5-95B9-AAD9FF1E5352}.Release|x64.ActiveCfg = Release|x64
		{848758DB-5A7B-41D5-95B9-AAD9FF1E5352}.Release|x64.Build.0 = Release|x64
		{848758DB-5A7B-41D5-95B9-AAD9FF1E5352}.Release|x86.ActiveCfg = Release|x86
		{848758DB-5A7B-41D5-95B9-AAD9FF1E5352}.Release|x86.Build.0 = Release|x86
		{FC6E4575-AEBD-480B-A3CD-FDF4252774B6}.Debug|Any CPU.ActiveCfg = Debug|Any CPU
		{FC6E4575-AEBD-480B-A3CD-FDF4252774B6}.Debug|Any CPU.Build.0 = Debug|Any CPU
		{FC6E4575-AEBD-480B-A3CD-FDF4252774B6}.Debug|ARM32.ActiveCfg = Debug|ARM32
		{FC6E4575-AEBD-480B-A3CD-FDF4252774B6}.Debug|ARM32.Build.0 = Debug|ARM32
		{FC6E4575-AEBD-480B-A3CD-FDF4252774B6}.Debug|ARM64.ActiveCfg = Debug|ARM64
		{FC6E4575-AEBD-480B-A3CD-FDF4252774B6}.Debug|ARM64.Build.0 = Debug|ARM64
		{FC6E4575-AEBD-480B-A3CD-FDF4252774B6}.Debug|x64.ActiveCfg = Debug|x64
		{FC6E4575-AEBD-480B-A3CD-FDF4252774B6}.Debug|x64.Build.0 = Debug|x64
		{FC6E4575-AEBD-480B-A3CD-FDF4252774B6}.Debug|x86.ActiveCfg = Debug|x86
		{FC6E4575-AEBD-480B-A3CD-FDF4252774B6}.Debug|x86.Build.0 = Debug|x86
		{FC6E4575-AEBD-480B-A3CD-FDF4252774B6}.Release|Any CPU.ActiveCfg = Release|Any CPU
		{FC6E4575-AEBD-480B-A3CD-FDF4252774B6}.Release|Any CPU.Build.0 = Release|Any CPU
		{FC6E4575-AEBD-480B-A3CD-FDF4252774B6}.Release|ARM32.ActiveCfg = Release|ARM32
		{FC6E4575-AEBD-480B-A3CD-FDF4252774B6}.Release|ARM32.Build.0 = Release|ARM32
		{FC6E4575-AEBD-480B-A3CD-FDF4252774B6}.Release|ARM64.ActiveCfg = Release|ARM64
		{FC6E4575-AEBD-480B-A3CD-FDF4252774B6}.Release|ARM64.Build.0 = Release|ARM64
		{FC6E4575-AEBD-480B-A3CD-FDF4252774B6}.Release|x64.ActiveCfg = Release|x64
		{FC6E4575-AEBD-480B-A3CD-FDF4252774B6}.Release|x64.Build.0 = Release|x64
		{FC6E4575-AEBD-480B-A3CD-FDF4252774B6}.Release|x86.ActiveCfg = Release|x86
		{FC6E4575-AEBD-480B-A3CD-FDF4252774B6}.Release|x86.Build.0 = Release|x86
		{0D5ED184-523C-48E7-9054-6BE4F7CA7D68}.Debug|Any CPU.ActiveCfg = Debug|Any CPU
		{0D5ED184-523C-48E7-9054-6BE4F7CA7D68}.Debug|Any CPU.Build.0 = Debug|Any CPU
		{0D5ED184-523C-48E7-9054-6BE4F7CA7D68}.Debug|ARM32.ActiveCfg = Debug|ARM32
		{0D5ED184-523C-48E7-9054-6BE4F7CA7D68}.Debug|ARM32.Build.0 = Debug|ARM32
		{0D5ED184-523C-48E7-9054-6BE4F7CA7D68}.Debug|ARM64.ActiveCfg = Debug|ARM64
		{0D5ED184-523C-48E7-9054-6BE4F7CA7D68}.Debug|ARM64.Build.0 = Debug|ARM64
		{0D5ED184-523C-48E7-9054-6BE4F7CA7D68}.Debug|x64.ActiveCfg = Debug|x64
		{0D5ED184-523C-48E7-9054-6BE4F7CA7D68}.Debug|x64.Build.0 = Debug|x64
		{0D5ED184-523C-48E7-9054-6BE4F7CA7D68}.Debug|x86.ActiveCfg = Debug|x86
		{0D5ED184-523C-48E7-9054-6BE4F7CA7D68}.Debug|x86.Build.0 = Debug|x86
		{0D5ED184-523C-48E7-9054-6BE4F7CA7D68}.Release|Any CPU.ActiveCfg = Release|Any CPU
		{0D5ED184-523C-48E7-9054-6BE4F7CA7D68}.Release|Any CPU.Build.0 = Release|Any CPU
		{0D5ED184-523C-48E7-9054-6BE4F7CA7D68}.Release|ARM32.ActiveCfg = Release|ARM32
		{0D5ED184-523C-48E7-9054-6BE4F7CA7D68}.Release|ARM32.Build.0 = Release|ARM32
		{0D5ED184-523C-48E7-9054-6BE4F7CA7D68}.Release|ARM64.ActiveCfg = Release|ARM64
		{0D5ED184-523C-48E7-9054-6BE4F7CA7D68}.Release|ARM64.Build.0 = Release|ARM64
		{0D5ED184-523C-48E7-9054-6BE4F7CA7D68}.Release|x64.ActiveCfg = Release|x64
		{0D5ED184-523C-48E7-9054-6BE4F7CA7D68}.Release|x64.Build.0 = Release|x64
		{0D5ED184-523C-48E7-9054-6BE4F7CA7D68}.Release|x86.ActiveCfg = Release|x86
		{0D5ED184-523C-48E7-9054-6BE4F7CA7D68}.Release|x86.Build.0 = Release|x86
		{52B05F84-4172-4074-91AE-B05F970EFC2D}.Debug|Any CPU.ActiveCfg = Debug|Any CPU
		{52B05F84-4172-4074-91AE-B05F970EFC2D}.Debug|Any CPU.Build.0 = Debug|Any CPU
		{52B05F84-4172-4074-91AE-B05F970EFC2D}.Debug|ARM32.ActiveCfg = Debug|ARM32
		{52B05F84-4172-4074-91AE-B05F970EFC2D}.Debug|ARM32.Build.0 = Debug|ARM32
		{52B05F84-4172-4074-91AE-B05F970EFC2D}.Debug|ARM64.ActiveCfg = Debug|ARM64
		{52B05F84-4172-4074-91AE-B05F970EFC2D}.Debug|ARM64.Build.0 = Debug|ARM64
		{52B05F84-4172-4074-91AE-B05F970EFC2D}.Debug|x64.ActiveCfg = Debug|x64
		{52B05F84-4172-4074-91AE-B05F970EFC2D}.Debug|x64.Build.0 = Debug|x64
		{52B05F84-4172-4074-91AE-B05F970EFC2D}.Debug|x86.ActiveCfg = Debug|x86
		{52B05F84-4172-4074-91AE-B05F970EFC2D}.Debug|x86.Build.0 = Debug|x86
		{52B05F84-4172-4074-91AE-B05F970EFC2D}.Release|Any CPU.ActiveCfg = Release|Any CPU
		{52B05F84-4172-4074-91AE-B05F970EFC2D}.Release|Any CPU.Build.0 = Release|Any CPU
		{52B05F84-4172-4074-91AE-B05F970EFC2D}.Release|ARM32.ActiveCfg = Release|ARM32
		{52B05F84-4172-4074-91AE-B05F970EFC2D}.Release|ARM32.Build.0 = Release|ARM32
		{52B05F84-4172-4074-91AE-B05F970EFC2D}.Release|ARM64.ActiveCfg = Release|ARM64
		{52B05F84-4172-4074-91AE-B05F970EFC2D}.Release|ARM64.Build.0 = Release|ARM64
		{52B05F84-4172-4074-91AE-B05F970EFC2D}.Release|x64.ActiveCfg = Release|x64
		{52B05F84-4172-4074-91AE-B05F970EFC2D}.Release|x64.Build.0 = Release|x64
		{52B05F84-4172-4074-91AE-B05F970EFC2D}.Release|x86.ActiveCfg = Release|x86
		{52B05F84-4172-4074-91AE-B05F970EFC2D}.Release|x86.Build.0 = Release|x86
	EndGlobalSection
	GlobalSection(SolutionProperties) = preSolution
		HideSolutionNode = FALSE
	EndGlobalSection
	GlobalSection(NestedProjects) = preSolution
		{6089074E-B30F-43BD-83BD-AFFD60344F7D} = {97C59CA2-12AA-4290-8A9F-5AC10C4E2F49}
	EndGlobalSection
	GlobalSection(ExtensibilityGlobals) = postSolution
		SolutionGuid = {B2B720FB-7FA5-44F3-B727-8604B528B3C3}
	EndGlobalSection
EndGlobal
