
Microsoft Visual Studio Solution File, Format Version 12.00
# Visual Studio Version 17
VisualStudioVersion = 17.0.31815.197
MinimumVisualStudioVersion = 10.0.40219.1
Project("{9A19103F-16F7-4668-BE54-9A1E7A4F7556}") = "SharpHook", "SharpHook\SharpHook.csproj", "{848758DB-5A7B-41D5-95B9-AAD9FF1E5352}"
EndProject
Project("{2150E333-8FDC-42A3-9474-1A3956D46DE8}") = "Solution Items", "Solution Items", "{F4D4F489-E4F0-43DE-BF41-ED27C2537E3D}"
	ProjectSection(SolutionItems) = preProject
		.editorconfig = .editorconfig
		.gitattributes = .gitattributes
		.gitignore = .gitignore
		CHANGELOG.md = CHANGELOG.md
		docs\docfx.json = docs\docfx.json
		icon.png = icon.png
		LICENSE = LICENSE
		README.md = README.md
	EndProjectSection
EndProject
Project("{9A19103F-16F7-4668-BE54-9A1E7A4F7556}") = "SharpHook.Sample", "SharpHook.Sample\SharpHook.Sample.csproj", "{FC6E4575-AEBD-480B-A3CD-FDF4252774B6}"
EndProject
Project("{9A19103F-16F7-4668-BE54-9A1E7A4F7556}") = "SharpHook.Reactive", "SharpHook.Reactive\SharpHook.Reactive.csproj", "{0D5ED184-523C-48E7-9054-6BE4F7CA7D68}"
EndProject
Global
	GlobalSection(SolutionConfigurationPlatforms) = preSolution
		Debug|Any CPU = Debug|Any CPU
		Debug|ARM32 = Debug|ARM32
		Debug|ARM64 = Debug|ARM64
		Debug|x64 = Debug|x64
		Debug|x86 = Debug|x86
		Release|Any CPU = Release|Any CPU
		Release|ARM32 = Release|ARM32
		Release|ARM64 = Release|ARM64
		Release|x64 = Release|x64
		Release|x86 = Release|x86
	EndGlobalSection
	GlobalSection(ProjectConfigurationPlatforms) = postSolution
		{848758DB-5A7B-41D5-95B9-AAD9FF1E5352}.Debug|Any CPU.ActiveCfg = Debug|Any CPU
		{848758DB-5A7B-41D5-95B9-AAD9FF1E5352}.Debug|Any CPU.Build.0 = Debug|Any CPU
		{848758DB-5A7B-41D5-95B9-AAD9FF1E5352}.Debug|ARM32.ActiveCfg = Debug|ARM32
		{848758DB-5A7B-41D5-95B9-AAD9FF1E5352}.Debug|ARM32.Build.0 = Debug|ARM32
		{848758DB-5A7B-41D5-95B9-AAD9FF1E5352}.Debug|ARM64.ActiveCfg = Debug|ARM64
		{848758DB-5A7B-41D5-95B9-AAD9FF1E5352}.Debug|ARM64.Build.0 = Debug|ARM64
		{848758DB-5A7B-41D5-95B9-AAD9FF1E5352}.Debug|x64.ActiveCfg = Debug|x64
		{848758DB-5A7B-41D5-95B9-AAD9FF1E5352}.Debug|x64.Build.0 = Debug|x64
		{848758DB-5A7B-41D5-95B9-AAD9FF1E5352}.Debug|x86.ActiveCfg = Debug|x86
		{848758DB-5A7B-41D5-95B9-AAD9FF1E5352}.Debug|x86.Build.0 = Debug|x86
		{848758DB-5A7B-41D5-95B9-AAD9FF1E5352}.Release|Any CPU.ActiveCfg = Release|Any CPU
		{848758DB-5A7B-41D5-95B9-AAD9FF1E5352}.Release|Any CPU.Build.0 = Release|Any CPU
		{848758DB-5A7B-41D5-95B9-AAD9FF1E5352}.Release|ARM32.ActiveCfg = Release|ARM32
		{848758DB-5A7B-41D5-95B9-AAD9FF1E5352}.Release|ARM32.Build.0 = Release|ARM32
		{848758DB-5A7B-41D5-95B9-AAD9FF1E5352}.Release|ARM64.ActiveCfg = Release|ARM64
		{848758DB-5A7B-41D5-95B9-AAD9FF1E5352}.Release|ARM64.Build.0 = Release|ARM64
		{848758DB-5A7B-41D5-95B9-AAD9FF1E5352}.Release|x64.ActiveCfg = Release|x64
		{848758DB-5A7B-41D5-95B9-AAD9FF1E5352}.Release|x64.Build.0 = Release|x64
		{848758DB-5A7B-41D5-95B9-AAD9FF1E5352}.Release|x86.ActiveCfg = Release|x86
		{848758DB-5A7B-41D5-95B9-AAD9FF1E5352}.Release|x86.Build.0 = Release|x86
		{FC6E4575-AEBD-480B-A3CD-FDF4252774B6}.Debug|Any CPU.ActiveCfg = Debug|Any CPU
		{FC6E4575-AEBD-480B-A3CD-FDF4252774B6}.Debug|Any CPU.Build.0 = Debug|Any CPU
		{FC6E4575-AEBD-480B-A3CD-FDF4252774B6}.Debug|ARM32.ActiveCfg = Debug|ARM32
		{FC6E4575-AEBD-480B-A3CD-FDF4252774B6}.Debug|ARM32.Build.0 = Debug|ARM32
		{FC6E4575-AEBD-480B-A3CD-FDF4252774B6}.Debug|ARM64.ActiveCfg = Debug|ARM64
		{FC6E4575-AEBD-480B-A3CD-FDF4252774B6}.Debug|ARM64.Build.0 = Debug|ARM64
		{FC6E4575-AEBD-480B-A3CD-FDF4252774B6}.Debug|x64.ActiveCfg = Debug|x64
		{FC6E4575-AEBD-480B-A3CD-FDF4252774B6}.Debug|x64.Build.0 = Debug|x64
		{FC6E4575-AEBD-480B-A3CD-FDF4252774B6}.Debug|x86.ActiveCfg = Debug|x86
		{FC6E4575-AEBD-480B-A3CD-FDF4252774B6}.Debug|x86.Build.0 = Debug|x86
		{FC6E4575-AEBD-480B-A3CD-FDF4252774B6}.Release|Any CPU.ActiveCfg = Release|Any CPU
		{FC6E4575-AEBD-480B-A3CD-FDF4252774B6}.Release|Any CPU.Build.0 = Release|Any CPU
		{FC6E4575-AEBD-480B-A3CD-FDF4252774B6}.Release|ARM32.ActiveCfg = Release|ARM32
		{FC6E4575-AEBD-480B-A3CD-FDF4252774B6}.Release|ARM32.Build.0 = Release|ARM32
		{FC6E4575-AEBD-480B-A3CD-FDF4252774B6}.Release|ARM64.ActiveCfg = Release|ARM64
		{FC6E4575-AEBD-480B-A3CD-FDF4252774B6}.Release|ARM64.Build.0 = Release|ARM64
		{FC6E4575-AEBD-480B-A3CD-FDF4252774B6}.Release|x64.ActiveCfg = Release|x64
		{FC6E4575-AEBD-480B-A3CD-FDF4252774B6}.Release|x64.Build.0 = Release|x64
		{FC6E4575-AEBD-480B-A3CD-FDF4252774B6}.Release|x86.ActiveCfg = Release|x86
		{FC6E4575-AEBD-480B-A3CD-FDF4252774B6}.Release|x86.Build.0 = Release|x86
		{0D5ED184-523C-48E7-9054-6BE4F7CA7D68}.Debug|Any CPU.ActiveCfg = Debug|Any CPU
		{0D5ED184-523C-48E7-9054-6BE4F7CA7D68}.Debug|Any CPU.Build.0 = Debug|Any CPU
		{0D5ED184-523C-48E7-9054-6BE4F7CA7D68}.Debug|ARM32.ActiveCfg = Debug|ARM32
		{0D5ED184-523C-48E7-9054-6BE4F7CA7D68}.Debug|ARM32.Build.0 = Debug|ARM32
		{0D5ED184-523C-48E7-9054-6BE4F7CA7D68}.Debug|ARM64.ActiveCfg = Debug|ARM64
		{0D5ED184-523C-48E7-9054-6BE4F7CA7D68}.Debug|ARM64.Build.0 = Debug|ARM64
		{0D5ED184-523C-48E7-9054-6BE4F7CA7D68}.Debug|x64.ActiveCfg = Debug|x64
		{0D5ED184-523C-48E7-9054-6BE4F7CA7D68}.Debug|x64.Build.0 = Debug|x64
		{0D5ED184-523C-48E7-9054-6BE4F7CA7D68}.Debug|x86.ActiveCfg = Debug|x86
		{0D5ED184-523C-48E7-9054-6BE4F7CA7D68}.Debug|x86.Build.0 = Debug|x86
		{0D5ED184-523C-48E7-9054-6BE4F7CA7D68}.Release|Any CPU.ActiveCfg = Release|Any CPU
		{0D5ED184-523C-48E7-9054-6BE4F7CA7D68}.Release|Any CPU.Build.0 = Release|Any CPU
		{0D5ED184-523C-48E7-9054-6BE4F7CA7D68}.Release|ARM32.ActiveCfg = Release|Any CPU
		{0D5ED184-523C-48E7-9054-6BE4F7CA7D68}.Release|ARM32.Build.0 = Release|Any CPU
		{0D5ED184-523C-48E7-9054-6BE4F7CA7D68}.Release|ARM64.ActiveCfg = Release|Any CPU
		{0D5ED184-523C-48E7-9054-6BE4F7CA7D68}.Release|ARM64.Build.0 = Release|Any CPU
		{0D5ED184-523C-48E7-9054-6BE4F7CA7D68}.Release|x64.ActiveCfg = Release|Any CPU
		{0D5ED184-523C-48E7-9054-6BE4F7CA7D68}.Release|x64.Build.0 = Release|Any CPU
		{0D5ED184-523C-48E7-9054-6BE4F7CA7D68}.Release|x86.ActiveCfg = Release|Any CPU
		{0D5ED184-523C-48E7-9054-6BE4F7CA7D68}.Release|x86.Build.0 = Release|Any CPU
	EndGlobalSection
	GlobalSection(SolutionProperties) = preSolution
		HideSolutionNode = FALSE
	EndGlobalSection
	GlobalSection(ExtensibilityGlobals) = postSolution
		SolutionGuid = {B2B720FB-7FA5-44F3-B727-8604B528B3C3}
	EndGlobalSection
EndGlobal
